
Microsoft Visual Studio Solution File, Format Version 12.00
# Visual Studio Version 17
VisualStudioVersion = 17.10.34707.107
MinimumVisualStudioVersion = 10.0.40219.1
Project("{9A19103F-16F7-4668-BE54-9A1E7A4F7556}") = "JT7SKU.Lib.Twitch", "JT7SKU.Lib.Twitch\JT7SKU.Lib.Twitch.csproj", "{7E98277D-0FBE-446F-9879-E2A74B51DF3C}"
EndProject
Project("{9A19103F-16F7-4668-BE54-9A1E7A4F7556}") = "ServicesKomponentUnit.Data.Twitch", "ServicesKomponentUnit.Data\ServicesKomponentUnit.Data.Twitch.csproj", "{E752D455-4111-4C43-B97B-B99DC7D28BE1}"
EndProject
Project("{9A19103F-16F7-4668-BE54-9A1E7A4F7556}") = "StreamKlientUnit.Twitch", "StreamKlientUnit.Twitch\StreamKlientUnit.Twitch.csproj", "{E541D136-1E02-487E-ADF5-F042F06A2664}"
EndProject
Project("{9A19103F-16F7-4668-BE54-9A1E7A4F7556}") = "Stream.Komponent.Unit.Extension.Twitch", "Stream.Komponent.Unit.Extension.Twitch\Stream.Komponent.Unit.Extension.Twitch.csproj", "{E91D7A70-CDC9-4DF6-BED8-A1C115B1F27F}"
EndProject
Project("{2150E333-8FDC-42A3-9474-1A3956D46DE8}") = "Klients", "Klients", "{C44DC1DD-0C46-491A-A3C3-0E097161B668}"
EndProject
Project("{2150E333-8FDC-42A3-9474-1A3956D46DE8}") = "Tests", "Tests", "{258AB544-3ACF-4A1A-83BF-3D8904C4ACAB}"
EndProject
Project("{2150E333-8FDC-42A3-9474-1A3956D46DE8}") = "Kirjasto", "Kirjasto", "{2DC427CF-2478-4592-85AA-5AE790A17C7B}"
EndProject
Project("{2150E333-8FDC-42A3-9474-1A3956D46DE8}") = "Backend", "Backend", "{5209072C-900E-4AA5-883C-440DB0AD7EEC}"
EndProject
Project("{2150E333-8FDC-42A3-9474-1A3956D46DE8}") = "Services", "Services", "{39549D39-51A9-47DA-9C28-F916C5C0011B}"
EndProject
Project("{2150E333-8FDC-42A3-9474-1A3956D46DE8}") = "API", "API", "{FC89D89B-D0D8-4EFD-A13D-249079F5DC6B}"
EndProject
Project("{2150E333-8FDC-42A3-9474-1A3956D46DE8}") = "Workers", "Workers", "{BA496816-6272-4067-8793-C4296FC5E492}"
EndProject
Project("{FAE04EC0-301F-11D3-BF4B-00C04F79EFBC}") = "StreamKlientUnit.TwitchUWP", "StreamKlientUnit.TwitchUWP\StreamKlientUnit.TwitchUWP.csproj", "{74AE000F-7221-4156-8BAB-406550573FD3}"
EndProject
Project("{2150E333-8FDC-42A3-9474-1A3956D46DE8}") = "Kontraktit", "Kontraktit", "{ED145E74-5DE8-4175-B54B-9BFCD5A36986}"
EndProject
Project("{2150E333-8FDC-42A3-9474-1A3956D46DE8}") = "Komponentit", "Komponentit", "{75286573-8CB6-419B-A2EF-6E477E874E3B}"
EndProject
Project("{9A19103F-16F7-4668-BE54-9A1E7A4F7556}") = "Services.Kohdistuma.Unit.Twitch.OData", "..\JT7SKUTwitchKeskittym-Utility\src\APIs\Services.Kohdistuma.Unit.Twitch.OData\Services.Kohdistuma.Unit.Twitch.OData.csproj", "{10BEB576-3948-446D-ABDB-87D55B6557C4}"
EndProject
Project("{9A19103F-16F7-4668-BE54-9A1E7A4F7556}") = "Twitch.API", "..\JT7SKUTwitchKeskittym-Utility\src\APIs\Twitch Api\Twitch.API.csproj", "{4E3E1E34-6F17-4B7D-8514-4CFF6FC2364E}"
EndProject
Project("{9A19103F-16F7-4668-BE54-9A1E7A4F7556}") = "Services.Kirjasto.Unit.Twitch.Grains", "..\JT7SKUTwitchKeskittym-Utility\src\Kontraktit\Services.Kirjasto.Unit.Twitch.Grains\Services.Kirjasto.Unit.Twitch.Grains.csproj", "{813480A0-2838-4D70-9B3E-75E9D681E538}"
EndProject
Project("{9A19103F-16F7-4668-BE54-9A1E7A4F7556}") = "StreamKomponentsUnit.Twitch.Services", "..\JT7SKUTwitchKeskittym-Utility\src\Services\StreamKomponentsUnit.Twitch.Services\StreamKomponentsUnit.Twitch.Services.csproj", "{A548409C-C3BA-498F-A6E1-999EF326DD3B}"
EndProject
Project("{9A19103F-16F7-4668-BE54-9A1E7A4F7556}") = "FollowerServiceWorker", "..\JT7SKUTwitchKeskittym-Utility\src\Workers\FollowerServiceWorker\FollowerServiceWorker.csproj", "{16C80856-3FAD-4229-BB9F-A0782B377326}"
EndProject
Project("{9A19103F-16F7-4668-BE54-9A1E7A4F7556}") = "Services.Kirjasto.Unit.Twitch.Interfaces", "..\JT7SKUTwitchKeskittym-Utility\src\Kontraktit\Services.Kirjasto.Unit.Twitch.Interfaces\Services.Kirjasto.Unit.Twitch.Interfaces.csproj", "{26E8C2F3-E72E-49DF-AC19-E3847729B94C}"
EndProject
Global
	GlobalSection(SolutionConfigurationPlatforms) = preSolution
		Debug|Any CPU = Debug|Any CPU
		Debug|ARM = Debug|ARM
		Debug|ARM64 = Debug|ARM64
		Debug|x64 = Debug|x64
		Debug|x86 = Debug|x86
		Release|Any CPU = Release|Any CPU
		Release|ARM = Release|ARM
		Release|ARM64 = Release|ARM64
		Release|x64 = Release|x64
		Release|x86 = Release|x86
	EndGlobalSection
	GlobalSection(ProjectConfigurationPlatforms) = postSolution
		{7E98277D-0FBE-446F-9879-E2A74B51DF3C}.Debug|Any CPU.ActiveCfg = Debug|Any CPU
		{7E98277D-0FBE-446F-9879-E2A74B51DF3C}.Debug|Any CPU.Build.0 = Debug|Any CPU
		{7E98277D-0FBE-446F-9879-E2A74B51DF3C}.Debug|ARM.ActiveCfg = Debug|Any CPU
		{7E98277D-0FBE-446F-9879-E2A74B51DF3C}.Debug|ARM.Build.0 = Debug|Any CPU
		{7E98277D-0FBE-446F-9879-E2A74B51DF3C}.Debug|ARM64.ActiveCfg = Debug|Any CPU
		{7E98277D-0FBE-446F-9879-E2A74B51DF3C}.Debug|ARM64.Build.0 = Debug|Any CPU
		{7E98277D-0FBE-446F-9879-E2A74B51DF3C}.Debug|x64.ActiveCfg = Debug|Any CPU
		{7E98277D-0FBE-446F-9879-E2A74B51DF3C}.Debug|x64.Build.0 = Debug|Any CPU
		{7E98277D-0FBE-446F-9879-E2A74B51DF3C}.Debug|x86.ActiveCfg = Debug|Any CPU
		{7E98277D-0FBE-446F-9879-E2A74B51DF3C}.Debug|x86.Build.0 = Debug|Any CPU
		{7E98277D-0FBE-446F-9879-E2A74B51DF3C}.Release|Any CPU.ActiveCfg = Release|Any CPU
		{7E98277D-0FBE-446F-9879-E2A74B51DF3C}.Release|Any CPU.Build.0 = Release|Any CPU
		{7E98277D-0FBE-446F-9879-E2A74B51DF3C}.Release|ARM.ActiveCfg = Release|Any CPU
		{7E98277D-0FBE-446F-9879-E2A74B51DF3C}.Release|ARM.Build.0 = Release|Any CPU
		{7E98277D-0FBE-446F-9879-E2A74B51DF3C}.Release|ARM64.ActiveCfg = Release|Any CPU
		{7E98277D-0FBE-446F-9879-E2A74B51DF3C}.Release|ARM64.Build.0 = Release|Any CPU
		{7E98277D-0FBE-446F-9879-E2A74B51DF3C}.Release|x64.ActiveCfg = Release|Any CPU
		{7E98277D-0FBE-446F-9879-E2A74B51DF3C}.Release|x64.Build.0 = Release|Any CPU
		{7E98277D-0FBE-446F-9879-E2A74B51DF3C}.Release|x86.ActiveCfg = Release|Any CPU
		{7E98277D-0FBE-446F-9879-E2A74B51DF3C}.Release|x86.Build.0 = Release|Any CPU
		{E752D455-4111-4C43-B97B-B99DC7D28BE1}.Debug|Any CPU.ActiveCfg = Debug|Any CPU
		{E752D455-4111-4C43-B97B-B99DC7D28BE1}.Debug|Any CPU.Build.0 = Debug|Any CPU
		{E752D455-4111-4C43-B97B-B99DC7D28BE1}.Debug|ARM.ActiveCfg = Debug|Any CPU
		{E752D455-4111-4C43-B97B-B99DC7D28BE1}.Debug|ARM.Build.0 = Debug|Any CPU
		{E752D455-4111-4C43-B97B-B99DC7D28BE1}.Debug|ARM64.ActiveCfg = Debug|Any CPU
		{E752D455-4111-4C43-B97B-B99DC7D28BE1}.Debug|ARM64.Build.0 = Debug|Any CPU
		{E752D455-4111-4C43-B97B-B99DC7D28BE1}.Debug|x64.ActiveCfg = Debug|Any CPU
		{E752D455-4111-4C43-B97B-B99DC7D28BE1}.Debug|x64.Build.0 = Debug|Any CPU
		{E752D455-4111-4C43-B97B-B99DC7D28BE1}.Debug|x86.ActiveCfg = Debug|Any CPU
		{E752D455-4111-4C43-B97B-B99DC7D28BE1}.Debug|x86.Build.0 = Debug|Any CPU
		{E752D455-4111-4C43-B97B-B99DC7D28BE1}.Release|Any CPU.ActiveCfg = Release|Any CPU
		{E752D455-4111-4C43-B97B-B99DC7D28BE1}.Release|Any CPU.Build.0 = Release|Any CPU
		{E752D455-4111-4C43-B97B-B99DC7D28BE1}.Release|ARM.ActiveCfg = Release|Any CPU
		{E752D455-4111-4C43-B97B-B99DC7D28BE1}.Release|ARM.Build.0 = Release|Any CPU
		{E752D455-4111-4C43-B97B-B99DC7D28BE1}.Release|ARM64.ActiveCfg = Release|Any CPU
		{E752D455-4111-4C43-B97B-B99DC7D28BE1}.Release|ARM64.Build.0 = Release|Any CPU
		{E752D455-4111-4C43-B97B-B99DC7D28BE1}.Release|x64.ActiveCfg = Release|Any CPU
		{E752D455-4111-4C43-B97B-B99DC7D28BE1}.Release|x64.Build.0 = Release|Any CPU
		{E752D455-4111-4C43-B97B-B99DC7D28BE1}.Release|x86.ActiveCfg = Release|Any CPU
		{E752D455-4111-4C43-B97B-B99DC7D28BE1}.Release|x86.Build.0 = Release|Any CPU
		{E541D136-1E02-487E-ADF5-F042F06A2664}.Debug|Any CPU.ActiveCfg = Debug|Any CPU
		{E541D136-1E02-487E-ADF5-F042F06A2664}.Debug|Any CPU.Build.0 = Debug|Any CPU
		{E541D136-1E02-487E-ADF5-F042F06A2664}.Debug|ARM.ActiveCfg = Debug|Any CPU
		{E541D136-1E02-487E-ADF5-F042F06A2664}.Debug|ARM.Build.0 = Debug|Any CPU
		{E541D136-1E02-487E-ADF5-F042F06A2664}.Debug|ARM64.ActiveCfg = Debug|Any CPU
		{E541D136-1E02-487E-ADF5-F042F06A2664}.Debug|ARM64.Build.0 = Debug|Any CPU
		{E541D136-1E02-487E-ADF5-F042F06A2664}.Debug|x64.ActiveCfg = Debug|Any CPU
		{E541D136-1E02-487E-ADF5-F042F06A2664}.Debug|x64.Build.0 = Debug|Any CPU
		{E541D136-1E02-487E-ADF5-F042F06A2664}.Debug|x86.ActiveCfg = Debug|Any CPU
		{E541D136-1E02-487E-ADF5-F042F06A2664}.Debug|x86.Build.0 = Debug|Any CPU
		{E541D136-1E02-487E-ADF5-F042F06A2664}.Release|Any CPU.ActiveCfg = Release|Any CPU
		{E541D136-1E02-487E-ADF5-F042F06A2664}.Release|Any CPU.Build.0 = Release|Any CPU
		{E541D136-1E02-487E-ADF5-F042F06A2664}.Release|ARM.ActiveCfg = Release|Any CPU
		{E541D136-1E02-487E-ADF5-F042F06A2664}.Release|ARM.Build.0 = Release|Any CPU
		{E541D136-1E02-487E-ADF5-F042F06A2664}.Release|ARM64.ActiveCfg = Release|Any CPU
		{E541D136-1E02-487E-ADF5-F042F06A2664}.Release|ARM64.Build.0 = Release|Any CPU
		{E541D136-1E02-487E-ADF5-F042F06A2664}.Release|x64.ActiveCfg = Release|Any CPU
		{E541D136-1E02-487E-ADF5-F042F06A2664}.Release|x64.Build.0 = Release|Any CPU
		{E541D136-1E02-487E-ADF5-F042F06A2664}.Release|x86.ActiveCfg = Release|Any CPU
		{E541D136-1E02-487E-ADF5-F042F06A2664}.Release|x86.Build.0 = Release|Any CPU
		{E91D7A70-CDC9-4DF6-BED8-A1C115B1F27F}.Debug|Any CPU.ActiveCfg = Debug|Any CPU
		{E91D7A70-CDC9-4DF6-BED8-A1C115B1F27F}.Debug|Any CPU.Build.0 = Debug|Any CPU
		{E91D7A70-CDC9-4DF6-BED8-A1C115B1F27F}.Debug|ARM.ActiveCfg = Debug|Any CPU
		{E91D7A70-CDC9-4DF6-BED8-A1C115B1F27F}.Debug|ARM.Build.0 = Debug|Any CPU
		{E91D7A70-CDC9-4DF6-BED8-A1C115B1F27F}.Debug|ARM64.ActiveCfg = Debug|Any CPU
		{E91D7A70-CDC9-4DF6-BED8-A1C115B1F27F}.Debug|ARM64.Build.0 = Debug|Any CPU
		{E91D7A70-CDC9-4DF6-BED8-A1C115B1F27F}.Debug|x64.ActiveCfg = Debug|Any CPU
		{E91D7A70-CDC9-4DF6-BED8-A1C115B1F27F}.Debug|x64.Build.0 = Debug|Any CPU
		{E91D7A70-CDC9-4DF6-BED8-A1C115B1F27F}.Debug|x86.ActiveCfg = Debug|Any CPU
		{E91D7A70-CDC9-4DF6-BED8-A1C115B1F27F}.Debug|x86.Build.0 = Debug|Any CPU
		{E91D7A70-CDC9-4DF6-BED8-A1C115B1F27F}.Release|Any CPU.ActiveCfg = Release|Any CPU
		{E91D7A70-CDC9-4DF6-BED8-A1C115B1F27F}.Release|Any CPU.Build.0 = Release|Any CPU
		{E91D7A70-CDC9-4DF6-BED8-A1C115B1F27F}.Release|ARM.ActiveCfg = Release|Any CPU
		{E91D7A70-CDC9-4DF6-BED8-A1C115B1F27F}.Release|ARM.Build.0 = Release|Any CPU
		{E91D7A70-CDC9-4DF6-BED8-A1C115B1F27F}.Release|ARM64.ActiveCfg = Release|Any CPU
		{E91D7A70-CDC9-4DF6-BED8-A1C115B1F27F}.Release|ARM64.Build.0 = Release|Any CPU
		{E91D7A70-CDC9-4DF6-BED8-A1C115B1F27F}.Release|x64.ActiveCfg = Release|Any CPU
		{E91D7A70-CDC9-4DF6-BED8-A1C115B1F27F}.Release|x64.Build.0 = Release|Any CPU
		{E91D7A70-CDC9-4DF6-BED8-A1C115B1F27F}.Release|x86.ActiveCfg = Release|Any CPU
		{E91D7A70-CDC9-4DF6-BED8-A1C115B1F27F}.Release|x86.Build.0 = Release|Any CPU
		{74AE000F-7221-4156-8BAB-406550573FD3}.Debug|Any CPU.ActiveCfg = Debug|x86
		{74AE000F-7221-4156-8BAB-406550573FD3}.Debug|ARM.ActiveCfg = Debug|ARM
		{74AE000F-7221-4156-8BAB-406550573FD3}.Debug|ARM.Build.0 = Debug|ARM
		{74AE000F-7221-4156-8BAB-406550573FD3}.Debug|ARM.Deploy.0 = Debug|ARM
		{74AE000F-7221-4156-8BAB-406550573FD3}.Debug|ARM64.ActiveCfg = Debug|ARM64
		{74AE000F-7221-4156-8BAB-406550573FD3}.Debug|ARM64.Build.0 = Debug|ARM64
		{74AE000F-7221-4156-8BAB-406550573FD3}.Debug|ARM64.Deploy.0 = Debug|ARM64
		{74AE000F-7221-4156-8BAB-406550573FD3}.Debug|x64.ActiveCfg = Debug|x64
		{74AE000F-7221-4156-8BAB-406550573FD3}.Debug|x64.Build.0 = Debug|x64
		{74AE000F-7221-4156-8BAB-406550573FD3}.Debug|x64.Deploy.0 = Debug|x64
		{74AE000F-7221-4156-8BAB-406550573FD3}.Debug|x86.ActiveCfg = Debug|x86
		{74AE000F-7221-4156-8BAB-406550573FD3}.Debug|x86.Build.0 = Debug|x86
		{74AE000F-7221-4156-8BAB-406550573FD3}.Debug|x86.Deploy.0 = Debug|x86
		{74AE000F-7221-4156-8BAB-406550573FD3}.Release|Any CPU.ActiveCfg = Release|x86
		{74AE000F-7221-4156-8BAB-406550573FD3}.Release|ARM.ActiveCfg = Release|ARM
		{74AE000F-7221-4156-8BAB-406550573FD3}.Release|ARM.Build.0 = Release|ARM
		{74AE000F-7221-4156-8BAB-406550573FD3}.Release|ARM.Deploy.0 = Release|ARM
		{74AE000F-7221-4156-8BAB-406550573FD3}.Release|ARM64.ActiveCfg = Release|ARM64
		{74AE000F-7221-4156-8BAB-406550573FD3}.Release|ARM64.Build.0 = Release|ARM64
		{74AE000F-7221-4156-8BAB-406550573FD3}.Release|ARM64.Deploy.0 = Release|ARM64
		{74AE000F-7221-4156-8BAB-406550573FD3}.Release|x64.ActiveCfg = Release|x64
		{74AE000F-7221-4156-8BAB-406550573FD3}.Release|x64.Build.0 = Release|x64
		{74AE000F-7221-4156-8BAB-406550573FD3}.Release|x64.Deploy.0 = Release|x64
		{74AE000F-7221-4156-8BAB-406550573FD3}.Release|x86.ActiveCfg = Release|x86
		{74AE000F-7221-4156-8BAB-406550573FD3}.Release|x86.Build.0 = Release|x86
		{74AE000F-7221-4156-8BAB-406550573FD3}.Release|x86.Deploy.0 = Release|x86
		{10BEB576-3948-446D-ABDB-87D55B6557C4}.Debug|Any CPU.ActiveCfg = Debug|Any CPU
		{10BEB576-3948-446D-ABDB-87D55B6557C4}.Debug|Any CPU.Build.0 = Debug|Any CPU
		{10BEB576-3948-446D-ABDB-87D55B6557C4}.Debug|ARM.ActiveCfg = Debug|Any CPU
		{10BEB576-3948-446D-ABDB-87D55B6557C4}.Debug|ARM.Build.0 = Debug|Any CPU
		{10BEB576-3948-446D-ABDB-87D55B6557C4}.Debug|ARM64.ActiveCfg = Debug|Any CPU
		{10BEB576-3948-446D-ABDB-87D55B6557C4}.Debug|ARM64.Build.0 = Debug|Any CPU
		{10BEB576-3948-446D-ABDB-87D55B6557C4}.Debug|x64.ActiveCfg = Debug|Any CPU
		{10BEB576-3948-446D-ABDB-87D55B6557C4}.Debug|x64.Build.0 = Debug|Any CPU
		{10BEB576-3948-446D-ABDB-87D55B6557C4}.Debug|x86.ActiveCfg = Debug|Any CPU
		{10BEB576-3948-446D-ABDB-87D55B6557C4}.Debug|x86.Build.0 = Debug|Any CPU
		{10BEB576-3948-446D-ABDB-87D55B6557C4}.Release|Any CPU.ActiveCfg = Release|Any CPU
		{10BEB576-3948-446D-ABDB-87D55B6557C4}.Release|Any CPU.Build.0 = Release|Any CPU
		{10BEB576-3948-446D-ABDB-87D55B6557C4}.Release|ARM.ActiveCfg = Release|Any CPU
		{10BEB576-3948-446D-ABDB-87D55B6557C4}.Release|ARM.Build.0 = Release|Any CPU
		{10BEB576-3948-446D-ABDB-87D55B6557C4}.Release|ARM64.ActiveCfg = Release|Any CPU
		{10BEB576-3948-446D-ABDB-87D55B6557C4}.Release|ARM64.Build.0 = Release|Any CPU
		{10BEB576-3948-446D-ABDB-87D55B6557C4}.Release|x64.ActiveCfg = Release|Any CPU
		{10BEB576-3948-446D-ABDB-87D55B6557C4}.Release|x64.Build.0 = Release|Any CPU
		{10BEB576-3948-446D-ABDB-87D55B6557C4}.Release|x86.ActiveCfg = Release|Any CPU
		{10BEB576-3948-446D-ABDB-87D55B6557C4}.Release|x86.Build.0 = Release|Any CPU
		{4E3E1E34-6F17-4B7D-8514-4CFF6FC2364E}.Debug|Any CPU.ActiveCfg = Debug|Any CPU
		{4E3E1E34-6F17-4B7D-8514-4CFF6FC2364E}.Debug|Any CPU.Build.0 = Debug|Any CPU
		{4E3E1E34-6F17-4B7D-8514-4CFF6FC2364E}.Debug|ARM.ActiveCfg = Debug|Any CPU
		{4E3E1E34-6F17-4B7D-8514-4CFF6FC2364E}.Debug|ARM.Build.0 = Debug|Any CPU
		{4E3E1E34-6F17-4B7D-8514-4CFF6FC2364E}.Debug|ARM64.ActiveCfg = Debug|Any CPU
		{4E3E1E34-6F17-4B7D-8514-4CFF6FC2364E}.Debug|ARM64.Build.0 = Debug|Any CPU
		{4E3E1E34-6F17-4B7D-8514-4CFF6FC2364E}.Debug|x64.ActiveCfg = Debug|Any CPU
		{4E3E1E34-6F17-4B7D-8514-4CFF6FC2364E}.Debug|x64.Build.0 = Debug|Any CPU
		{4E3E1E34-6F17-4B7D-8514-4CFF6FC2364E}.Debug|x86.ActiveCfg = Debug|Any CPU
		{4E3E1E34-6F17-4B7D-8514-4CFF6FC2364E}.Debug|x86.Build.0 = Debug|Any CPU
		{4E3E1E34-6F17-4B7D-8514-4CFF6FC2364E}.Release|Any CPU.ActiveCfg = Release|Any CPU
		{4E3E1E34-6F17-4B7D-8514-4CFF6FC2364E}.Release|Any CPU.Build.0 = Release|Any CPU
		{4E3E1E34-6F17-4B7D-8514-4CFF6FC2364E}.Release|ARM.ActiveCfg = Release|Any CPU
		{4E3E1E34-6F17-4B7D-8514-4CFF6FC2364E}.Release|ARM.Build.0 = Release|Any CPU
		{4E3E1E34-6F17-4B7D-8514-4CFF6FC2364E}.Release|ARM64.ActiveCfg = Release|Any CPU
		{4E3E1E34-6F17-4B7D-8514-4CFF6FC2364E}.Release|ARM64.Build.0 = Release|Any CPU
		{4E3E1E34-6F17-4B7D-8514-4CFF6FC2364E}.Release|x64.ActiveCfg = Release|Any CPU
		{4E3E1E34-6F17-4B7D-8514-4CFF6FC2364E}.Release|x64.Build.0 = Release|Any CPU
		{4E3E1E34-6F17-4B7D-8514-4CFF6FC2364E}.Release|x86.ActiveCfg = Release|Any CPU
		{4E3E1E34-6F17-4B7D-8514-4CFF6FC2364E}.Release|x86.Build.0 = Release|Any CPU
		{813480A0-2838-4D70-9B3E-75E9D681E538}.Debug|Any CPU.ActiveCfg = Debug|Any CPU
		{813480A0-2838-4D70-9B3E-75E9D681E538}.Debug|Any CPU.Build.0 = Debug|Any CPU
		{813480A0-2838-4D70-9B3E-75E9D681E538}.Debug|ARM.ActiveCfg = Debug|Any CPU
		{813480A0-2838-4D70-9B3E-75E9D681E538}.Debug|ARM.Build.0 = Debug|Any CPU
		{813480A0-2838-4D70-9B3E-75E9D681E538}.Debug|ARM64.ActiveCfg = Debug|Any CPU
		{813480A0-2838-4D70-9B3E-75E9D681E538}.Debug|ARM64.Build.0 = Debug|Any CPU
		{813480A0-2838-4D70-9B3E-75E9D681E538}.Debug|x64.ActiveCfg = Debug|Any CPU
		{813480A0-2838-4D70-9B3E-75E9D681E538}.Debug|x64.Build.0 = Debug|Any CPU
		{813480A0-2838-4D70-9B3E-75E9D681E538}.Debug|x86.ActiveCfg = Debug|Any CPU
		{813480A0-2838-4D70-9B3E-75E9D681E538}.Debug|x86.Build.0 = Debug|Any CPU
		{813480A0-2838-4D70-9B3E-75E9D681E538}.Release|Any CPU.ActiveCfg = Release|Any CPU
		{813480A0-2838-4D70-9B3E-75E9D681E538}.Release|Any CPU.Build.0 = Release|Any CPU
		{813480A0-2838-4D70-9B3E-75E9D681E538}.Release|ARM.ActiveCfg = Release|Any CPU
		{813480A0-2838-4D70-9B3E-75E9D681E538}.Release|ARM.Build.0 = Release|Any CPU
		{813480A0-2838-4D70-9B3E-75E9D681E538}.Release|ARM64.ActiveCfg = Release|Any CPU
		{813480A0-2838-4D70-9B3E-75E9D681E538}.Release|ARM64.Build.0 = Release|Any CPU
		{813480A0-2838-4D70-9B3E-75E9D681E538}.Release|x64.ActiveCfg = Release|Any CPU
		{813480A0-2838-4D70-9B3E-75E9D681E538}.Release|x64.Build.0 = Release|Any CPU
		{813480A0-2838-4D70-9B3E-75E9D681E538}.Release|x86.ActiveCfg = Release|Any CPU
		{813480A0-2838-4D70-9B3E-75E9D681E538}.Release|x86.Build.0 = Release|Any CPU
		{A548409C-C3BA-498F-A6E1-999EF326DD3B}.Debug|Any CPU.ActiveCfg = Debug|Any CPU
		{A548409C-C3BA-498F-A6E1-999EF326DD3B}.Debug|Any CPU.Build.0 = Debug|Any CPU
		{A548409C-C3BA-498F-A6E1-999EF326DD3B}.Debug|ARM.ActiveCfg = Debug|Any CPU
		{A548409C-C3BA-498F-A6E1-999EF326DD3B}.Debug|ARM.Build.0 = Debug|Any CPU
		{A548409C-C3BA-498F-A6E1-999EF326DD3B}.Debug|ARM64.ActiveCfg = Debug|Any CPU
		{A548409C-C3BA-498F-A6E1-999EF326DD3B}.Debug|ARM64.Build.0 = Debug|Any CPU
		{A548409C-C3BA-498F-A6E1-999EF326DD3B}.Debug|x64.ActiveCfg = Debug|Any CPU
		{A548409C-C3BA-498F-A6E1-999EF326DD3B}.Debug|x64.Build.0 = Debug|Any CPU
		{A548409C-C3BA-498F-A6E1-999EF326DD3B}.Debug|x86.ActiveCfg = Debug|Any CPU
		{A548409C-C3BA-498F-A6E1-999EF326DD3B}.Debug|x86.Build.0 = Debug|Any CPU
		{A548409C-C3BA-498F-A6E1-999EF326DD3B}.Release|Any CPU.ActiveCfg = Release|Any CPU
		{A548409C-C3BA-498F-A6E1-999EF326DD3B}.Release|Any CPU.Build.0 = Release|Any CPU
		{A548409C-C3BA-498F-A6E1-999EF326DD3B}.Release|ARM.ActiveCfg = Release|Any CPU
		{A548409C-C3BA-498F-A6E1-999EF326DD3B}.Release|ARM.Build.0 = Release|Any CPU
		{A548409C-C3BA-498F-A6E1-999EF326DD3B}.Release|ARM64.ActiveCfg = Release|Any CPU
		{A548409C-C3BA-498F-A6E1-999EF326DD3B}.Release|ARM64.Build.0 = Release|Any CPU
		{A548409C-C3BA-498F-A6E1-999EF326DD3B}.Release|x64.ActiveCfg = Release|Any CPU
		{A548409C-C3BA-498F-A6E1-999EF326DD3B}.Release|x64.Build.0 = Release|Any CPU
		{A548409C-C3BA-498F-A6E1-999EF326DD3B}.Release|x86.ActiveCfg = Release|Any CPU
		{A548409C-C3BA-498F-A6E1-999EF326DD3B}.Release|x86.Build.0 = Release|Any CPU
		{16C80856-3FAD-4229-BB9F-A0782B377326}.Debug|Any CPU.ActiveCfg = Debug|Any CPU
		{16C80856-3FAD-4229-BB9F-A0782B377326}.Debug|Any CPU.Build.0 = Debug|Any CPU
		{16C80856-3FAD-4229-BB9F-A0782B377326}.Debug|ARM.ActiveCfg = Debug|Any CPU
		{16C80856-3FAD-4229-BB9F-A0782B377326}.Debug|ARM.Build.0 = Debug|Any CPU
		{16C80856-3FAD-4229-BB9F-A0782B377326}.Debug|ARM64.ActiveCfg = Debug|Any CPU
		{16C80856-3FAD-4229-BB9F-A0782B377326}.Debug|ARM64.Build.0 = Debug|Any CPU
		{16C80856-3FAD-4229-BB9F-A0782B377326}.Debug|x64.ActiveCfg = Debug|Any CPU
		{16C80856-3FAD-4229-BB9F-A0782B377326}.Debug|x64.Build.0 = Debug|Any CPU
		{16C80856-3FAD-4229-BB9F-A0782B377326}.Debug|x86.ActiveCfg = Debug|Any CPU
		{16C80856-3FAD-4229-BB9F-A0782B377326}.Debug|x86.Build.0 = Debug|Any CPU
		{16C80856-3FAD-4229-BB9F-A0782B377326}.Release|Any CPU.ActiveCfg = Release|Any CPU
		{16C80856-3FAD-4229-BB9F-A0782B377326}.Release|Any CPU.Build.0 = Release|Any CPU
		{16C80856-3FAD-4229-BB9F-A0782B377326}.Release|ARM.ActiveCfg = Release|Any CPU
		{16C80856-3FAD-4229-BB9F-A0782B377326}.Release|ARM.Build.0 = Release|Any CPU
		{16C80856-3FAD-4229-BB9F-A0782B377326}.Release|ARM64.ActiveCfg = Release|Any CPU
		{16C80856-3FAD-4229-BB9F-A0782B377326}.Release|ARM64.Build.0 = Release|Any CPU
		{16C80856-3FAD-4229-BB9F-A0782B377326}.Release|x64.ActiveCfg = Release|Any CPU
		{16C80856-3FAD-4229-BB9F-A0782B377326}.Release|x64.Build.0 = Release|Any CPU
		{16C80856-3FAD-4229-BB9F-A0782B377326}.Release|x86.ActiveCfg = Release|Any CPU
		{16C80856-3FAD-4229-BB9F-A0782B377326}.Release|x86.Build.0 = Release|Any CPU
		{26E8C2F3-E72E-49DF-AC19-E3847729B94C}.Debug|Any CPU.ActiveCfg = Debug|Any CPU
		{26E8C2F3-E72E-49DF-AC19-E3847729B94C}.Debug|Any CPU.Build.0 = Debug|Any CPU
		{26E8C2F3-E72E-49DF-AC19-E3847729B94C}.Debug|ARM.ActiveCfg = Debug|Any CPU
		{26E8C2F3-E72E-49DF-AC19-E3847729B94C}.Debug|ARM.Build.0 = Debug|Any CPU
		{26E8C2F3-E72E-49DF-AC19-E3847729B94C}.Debug|ARM64.ActiveCfg = Debug|Any CPU
		{26E8C2F3-E72E-49DF-AC19-E3847729B94C}.Debug|ARM64.Build.0 = Debug|Any CPU
		{26E8C2F3-E72E-49DF-AC19-E3847729B94C}.Debug|x64.ActiveCfg = Debug|Any CPU
		{26E8C2F3-E72E-49DF-AC19-E3847729B94C}.Debug|x64.Build.0 = Debug|Any CPU
		{26E8C2F3-E72E-49DF-AC19-E3847729B94C}.Debug|x86.ActiveCfg = Debug|Any CPU
		{26E8C2F3-E72E-49DF-AC19-E3847729B94C}.Debug|x86.Build.0 = Debug|Any CPU
		{26E8C2F3-E72E-49DF-AC19-E3847729B94C}.Release|Any CPU.ActiveCfg = Release|Any CPU
		{26E8C2F3-E72E-49DF-AC19-E3847729B94C}.Release|Any CPU.Build.0 = Release|Any CPU
		{26E8C2F3-E72E-49DF-AC19-E3847729B94C}.Release|ARM.ActiveCfg = Release|Any CPU
		{26E8C2F3-E72E-49DF-AC19-E3847729B94C}.Release|ARM.Build.0 = Release|Any CPU
		{26E8C2F3-E72E-49DF-AC19-E3847729B94C}.Release|ARM64.ActiveCfg = Release|Any CPU
		{26E8C2F3-E72E-49DF-AC19-E3847729B94C}.Release|ARM64.Build.0 = Release|Any CPU
		{26E8C2F3-E72E-49DF-AC19-E3847729B94C}.Release|x64.ActiveCfg = Release|Any CPU
		{26E8C2F3-E72E-49DF-AC19-E3847729B94C}.Release|x64.Build.0 = Release|Any CPU
		{26E8C2F3-E72E-49DF-AC19-E3847729B94C}.Release|x86.ActiveCfg = Release|Any CPU
		{26E8C2F3-E72E-49DF-AC19-E3847729B94C}.Release|x86.Build.0 = Release|Any CPU
	EndGlobalSection
	GlobalSection(SolutionProperties) = preSolution
		HideSolutionNode = FALSE
	EndGlobalSection
	GlobalSection(NestedProjects) = preSolution
		{7E98277D-0FBE-446F-9879-E2A74B51DF3C} = {2DC427CF-2478-4592-85AA-5AE790A17C7B}
		{E752D455-4111-4C43-B97B-B99DC7D28BE1} = {75286573-8CB6-419B-A2EF-6E477E874E3B}
		{E541D136-1E02-487E-ADF5-F042F06A2664} = {C44DC1DD-0C46-491A-A3C3-0E097161B668}
		{E91D7A70-CDC9-4DF6-BED8-A1C115B1F27F} = {75286573-8CB6-419B-A2EF-6E477E874E3B}
		{39549D39-51A9-47DA-9C28-F916C5C0011B} = {5209072C-900E-4AA5-883C-440DB0AD7EEC}
		{FC89D89B-D0D8-4EFD-A13D-249079F5DC6B} = {5209072C-900E-4AA5-883C-440DB0AD7EEC}
		{BA496816-6272-4067-8793-C4296FC5E492} = {5209072C-900E-4AA5-883C-440DB0AD7EEC}
		{74AE000F-7221-4156-8BAB-406550573FD3} = {C44DC1DD-0C46-491A-A3C3-0E097161B668}
		{ED145E74-5DE8-4175-B54B-9BFCD5A36986} = {2DC427CF-2478-4592-85AA-5AE790A17C7B}
		{75286573-8CB6-419B-A2EF-6E477E874E3B} = {2DC427CF-2478-4592-85AA-5AE790A17C7B}
		{10BEB576-3948-446D-ABDB-87D55B6557C4} = {FC89D89B-D0D8-4EFD-A13D-249079F5DC6B}
		{4E3E1E34-6F17-4B7D-8514-4CFF6FC2364E} = {FC89D89B-D0D8-4EFD-A13D-249079F5DC6B}
		{813480A0-2838-4D70-9B3E-75E9D681E538} = {ED145E74-5DE8-4175-B54B-9BFCD5A36986}
		{A548409C-C3BA-498F-A6E1-999EF326DD3B} = {39549D39-51A9-47DA-9C28-F916C5C0011B}
		{16C80856-3FAD-4229-BB9F-A0782B377326} = {BA496816-6272-4067-8793-C4296FC5E492}
		{26E8C2F3-E72E-49DF-AC19-E3847729B94C} = {ED145E74-5DE8-4175-B54B-9BFCD5A36986}
	EndGlobalSection
	GlobalSection(ExtensibilityGlobals) = postSolution
		SolutionGuid = {F5748B4E-AB0D-4A5A-980B-DC9D16A7F153}
	EndGlobalSection
EndGlobal
